
Microsoft Visual Studio Solution File, Format Version 12.00
# Visual Studio Version 16
VisualStudioVersion = 16.0.29920.165
MinimumVisualStudioVersion = 10.0.40219.1
Project("{FAE04EC0-301F-11D3-BF4B-00C04F79EFBC}") = "EntidadesDeNegocio", "EntidadesDeNegocio\EntidadesDeNegocio.csproj", "{022D757C-4D24-4EAE-8F40-7249D3C2468E}"
EndProject
Global
	GlobalSection(SolutionConfigurationPlatforms) = preSolution
		Debug|Any CPU = Debug|Any CPU
		Release|Any CPU = Release|Any CPU
	EndGlobalSection
	GlobalSection(ProjectConfigurationPlatforms) = postSolution
		{022D757C-4D24-4EAE-8F40-7249D3C2468E}.Debug|Any CPU.ActiveCfg = Debug|Any CPU
		{022D757C-4D24-4EAE-8F40-7249D3C2468E}.Debug|Any CPU.Build.0 = Debug|Any CPU
		{022D757C-4D24-4EAE-8F40-7249D3C2468E}.Release|Any CPU.ActiveCfg = Release|Any CPU
		{022D757C-4D24-4EAE-8F40-7249D3C2468E}.Release|Any CPU.Build.0 = Release|Any CPU
	EndGlobalSection
	GlobalSection(SolutionProperties) = preSolution
		HideSolutionNode = FALSE
	EndGlobalSection
	GlobalSection(ExtensibilityGlobals) = postSolution
		SolutionGuid = {965C8CDB-0945-448F-9547-99616DAAF0A1}
	EndGlobalSection
EndGlobal
